
Microsoft Visual Studio Solution File, Format Version 12.00
Project("{FAE04EC0-301F-11D3-BF4B-00C04F79EFBC}") = "MeowLib.WebApi", "src\MeowLib.WebApi\MeowLib.WebApi.csproj", "{29B57186-821F-43B2-B9B2-CE90E2ACF688}"
EndProject
Project("{FAE04EC0-301F-11D3-BF4B-00C04F79EFBC}") = "MeowLib.Domain", "src\MeowLib.Domain\MeowLib.Domain.csproj", "{A3076A50-7530-48CF-8D32-A694BB1A35C4}"
EndProject
Project("{FAE04EC0-301F-11D3-BF4B-00C04F79EFBC}") = "MeowLib.DAL", "src\MeowLib.DAL\MeowLib.DAL.csproj", "{35324175-AD84-4ED2-9E3E-C60832C5EC67}"
EndProject
Project("{FAE04EC0-301F-11D3-BF4B-00C04F79EFBC}") = "MeowLib.Services", "src\MeowLib.Services\MeowLib.Services.csproj", "{83648EFB-49E6-4C41-B63D-4251F75AEA17}"
EndProject
Project("{2150E333-8FDC-42A3-9474-1A3956D46DE8}") = "Solution Items", "Solution Items", "{36C982CD-52A5-42F4-BF75-59E9916D3A0A}"
	ProjectSection(SolutionItems) = preProject
		docker-compose.yml = docker-compose.yml
		.gitignore = .gitignore
		startMigrations.bat = startMigrations.bat
	EndProjectSection
EndProject
Project("{2150E333-8FDC-42A3-9474-1A3956D46DE8}") = "Tests", "Tests", "{7B7764A2-496D-4C33-B095-3C34050D956B}"
EndProject
Project("{FAE04EC0-301F-11D3-BF4B-00C04F79EFBC}") = "MeowLib.Services.Tests", "MeowLib.Services.Tests\MeowLib.Services.Tests.csproj", "{741B567B-0361-4C3C-8FED-7C2B6D60EA69}"
EndProject
Global
	GlobalSection(SolutionConfigurationPlatforms) = preSolution
		Debug|Any CPU = Debug|Any CPU
		Release|Any CPU = Release|Any CPU
	EndGlobalSection
	GlobalSection(ProjectConfigurationPlatforms) = postSolution
		{29B57186-821F-43B2-B9B2-CE90E2ACF688}.Debug|Any CPU.ActiveCfg = Debug|Any CPU
		{29B57186-821F-43B2-B9B2-CE90E2ACF688}.Debug|Any CPU.Build.0 = Debug|Any CPU
		{29B57186-821F-43B2-B9B2-CE90E2ACF688}.Release|Any CPU.ActiveCfg = Release|Any CPU
		{29B57186-821F-43B2-B9B2-CE90E2ACF688}.Release|Any CPU.Build.0 = Release|Any CPU
		{A3076A50-7530-48CF-8D32-A694BB1A35C4}.Debug|Any CPU.ActiveCfg = Debug|Any CPU
		{A3076A50-7530-48CF-8D32-A694BB1A35C4}.Debug|Any CPU.Build.0 = Debug|Any CPU
		{A3076A50-7530-48CF-8D32-A694BB1A35C4}.Release|Any CPU.ActiveCfg = Release|Any CPU
		{A3076A50-7530-48CF-8D32-A694BB1A35C4}.Release|Any CPU.Build.0 = Release|Any CPU
		{35324175-AD84-4ED2-9E3E-C60832C5EC67}.Debug|Any CPU.ActiveCfg = Debug|Any CPU
		{35324175-AD84-4ED2-9E3E-C60832C5EC67}.Debug|Any CPU.Build.0 = Debug|Any CPU
		{35324175-AD84-4ED2-9E3E-C60832C5EC67}.Release|Any CPU.ActiveCfg = Release|Any CPU
		{35324175-AD84-4ED2-9E3E-C60832C5EC67}.Release|Any CPU.Build.0 = Release|Any CPU
		{83648EFB-49E6-4C41-B63D-4251F75AEA17}.Debug|Any CPU.ActiveCfg = Debug|Any CPU
		{83648EFB-49E6-4C41-B63D-4251F75AEA17}.Debug|Any CPU.Build.0 = Debug|Any CPU
		{83648EFB-49E6-4C41-B63D-4251F75AEA17}.Release|Any CPU.ActiveCfg = Release|Any CPU
		{83648EFB-49E6-4C41-B63D-4251F75AEA17}.Release|Any CPU.Build.0 = Release|Any CPU
		{741B567B-0361-4C3C-8FED-7C2B6D60EA69}.Debug|Any CPU.ActiveCfg = Debug|Any CPU
		{741B567B-0361-4C3C-8FED-7C2B6D60EA69}.Debug|Any CPU.Build.0 = Debug|Any CPU
		{741B567B-0361-4C3C-8FED-7C2B6D60EA69}.Release|Any CPU.ActiveCfg = Release|Any CPU
		{741B567B-0361-4C3C-8FED-7C2B6D60EA69}.Release|Any CPU.Build.0 = Release|Any CPU
	EndGlobalSection
	GlobalSection(NestedProjects) = preSolution
		{741B567B-0361-4C3C-8FED-7C2B6D60EA69} = {7B7764A2-496D-4C33-B095-3C34050D956B}
	EndGlobalSection
EndGlobal
